// !$*UTF8*$!
{
	archiveVersion = 1;
	classes = {
	};
	objectVersion = 50;
	objects = {

/* Begin PBXBuildFile section */
		370BFEE4231CB682009B7B25 /* PlatterViewController.swift in Sources */ = {isa = PBXBuildFile; fileRef = 370BFEE3231CB682009B7B25 /* PlatterViewController.swift */; };
		370CE30422AF3B8800B66EDA /* PaddingTextField.swift in Sources */ = {isa = PBXBuildFile; fileRef = 370CE30322AF3B8800B66EDA /* PaddingTextField.swift */; };
		371D16BD22A46B4800E1BD02 /* AppDelegate.swift in Sources */ = {isa = PBXBuildFile; fileRef = 371D16BC22A46B4800E1BD02 /* AppDelegate.swift */; };
		371D16BF22A46B4800E1BD02 /* TipViewController.swift in Sources */ = {isa = PBXBuildFile; fileRef = 371D16BE22A46B4800E1BD02 /* TipViewController.swift */; };
		371D16C222A46B4800E1BD02 /* Main.storyboard in Resources */ = {isa = PBXBuildFile; fileRef = 371D16C022A46B4800E1BD02 /* Main.storyboard */; };
		371D16C422A46B4800E1BD02 /* Assets.xcassets in Resources */ = {isa = PBXBuildFile; fileRef = 371D16C322A46B4800E1BD02 /* Assets.xcassets */; };
		371D16C722A46B4800E1BD02 /* LaunchScreen.storyboard in Resources */ = {isa = PBXBuildFile; fileRef = 371D16C522A46B4800E1BD02 /* LaunchScreen.storyboard */; };
		371D16CF22A47C6F00E1BD02 /* StringFormatter.swift in Sources */ = {isa = PBXBuildFile; fileRef = 371D16CE22A47C6F00E1BD02 /* StringFormatter.swift */; };
		371D16D122A4A52700E1BD02 /* CalculatorLogic.swift in Sources */ = {isa = PBXBuildFile; fileRef = 371D16D022A4A52700E1BD02 /* CalculatorLogic.swift */; };
		373FB90523009FE0009EF31C /* UINavigationController+StatusBar.swift in Sources */ = {isa = PBXBuildFile; fileRef = 373FB90423009FE0009EF31C /* UINavigationController+StatusBar.swift */; };
		373FB9082300FF98009EF31C /* CustomButtons.swift in Sources */ = {isa = PBXBuildFile; fileRef = 373FB9072300FF97009EF31C /* CustomButtons.swift */; };
		3789064322A78AF80000C75A /* AlertViewController.swift in Sources */ = {isa = PBXBuildFile; fileRef = 3789064222A78AF80000C75A /* AlertViewController.swift */; };
		37B9A36C22F4EE2500BB774B /* CustomTextField.swift in Sources */ = {isa = PBXBuildFile; fileRef = 37B9A36B22F4EE2500BB774B /* CustomTextField.swift */; };
		37B9A37022F624F500BB774B /* Colors.swift in Sources */ = {isa = PBXBuildFile; fileRef = 37B9A36F22F624F500BB774B /* Colors.swift */; };
		37C040062368ABAF00476B15 /* SettingsTableViewController.swift in Sources */ = {isa = PBXBuildFile; fileRef = 37C040052368ABAF00476B15 /* SettingsTableViewController.swift */; };
		37C040082368AEF200476B15 /* RoundSettingTableViewCell.swift in Sources */ = {isa = PBXBuildFile; fileRef = 37C040072368AEF200476B15 /* RoundSettingTableViewCell.swift */; };
		37C85F1922F7B58A009FBE1E /* SettingsViewController.swift in Sources */ = {isa = PBXBuildFile; fileRef = 37C85F1822F7B58A009FBE1E /* SettingsViewController.swift */; };
		37C85F1F22F7DA84009FBE1E /* ThemeHelper.swift in Sources */ = {isa = PBXBuildFile; fileRef = 37C85F1E22F7DA84009FBE1E /* ThemeHelper.swift */; };
		37C85F2122F87E6C009FBE1E /* UserDefaults.swift in Sources */ = {isa = PBXBuildFile; fileRef = 37C85F2022F87E6C009FBE1E /* UserDefaults.swift */; };
		37C85F5022F9248B009FBE1E /* ThemeSelectionTableViewCell.swift in Sources */ = {isa = PBXBuildFile; fileRef = 37C85F4F22F9248B009FBE1E /* ThemeSelectionTableViewCell.swift */; };
		37DBD2EC235CECF50097C7FA /* RoundingKey.swift in Sources */ = {isa = PBXBuildFile; fileRef = 37DBD2EB235CECF50097C7FA /* RoundingKey.swift */; };
/* End PBXBuildFile section */

/* Begin PBXFileReference section */
		370BFEE3231CB682009B7B25 /* PlatterViewController.swift */ = {isa = PBXFileReference; lastKnownFileType = sourcecode.swift; path = PlatterViewController.swift; sourceTree = "<group>"; };
		370CE30322AF3B8800B66EDA /* PaddingTextField.swift */ = {isa = PBXFileReference; lastKnownFileType = sourcecode.swift; path = PaddingTextField.swift; sourceTree = "<group>"; };
		371D16B922A46B4800E1BD02 /* tipTester.app */ = {isa = PBXFileReference; explicitFileType = wrapper.application; includeInIndex = 0; path = tipTester.app; sourceTree = BUILT_PRODUCTS_DIR; };
		371D16BC22A46B4800E1BD02 /* AppDelegate.swift */ = {isa = PBXFileReference; lastKnownFileType = sourcecode.swift; path = AppDelegate.swift; sourceTree = "<group>"; };
		371D16BE22A46B4800E1BD02 /* TipViewController.swift */ = {isa = PBXFileReference; lastKnownFileType = sourcecode.swift; path = TipViewController.swift; sourceTree = "<group>"; };
		371D16C122A46B4800E1BD02 /* Base */ = {isa = PBXFileReference; lastKnownFileType = file.storyboard; name = Base; path = Base.lproj/Main.storyboard; sourceTree = "<group>"; };
		371D16C322A46B4800E1BD02 /* Assets.xcassets */ = {isa = PBXFileReference; lastKnownFileType = folder.assetcatalog; path = Assets.xcassets; sourceTree = "<group>"; };
		371D16C622A46B4800E1BD02 /* Base */ = {isa = PBXFileReference; lastKnownFileType = file.storyboard; name = Base; path = Base.lproj/LaunchScreen.storyboard; sourceTree = "<group>"; };
		371D16C822A46B4800E1BD02 /* Info.plist */ = {isa = PBXFileReference; lastKnownFileType = text.plist.xml; path = Info.plist; sourceTree = "<group>"; };
		371D16CE22A47C6F00E1BD02 /* StringFormatter.swift */ = {isa = PBXFileReference; lastKnownFileType = sourcecode.swift; path = StringFormatter.swift; sourceTree = "<group>"; };
		371D16D022A4A52700E1BD02 /* CalculatorLogic.swift */ = {isa = PBXFileReference; lastKnownFileType = sourcecode.swift; path = CalculatorLogic.swift; sourceTree = "<group>"; };
		373FB90423009FE0009EF31C /* UINavigationController+StatusBar.swift */ = {isa = PBXFileReference; lastKnownFileType = sourcecode.swift; path = "UINavigationController+StatusBar.swift"; sourceTree = "<group>"; };
		373FB9072300FF97009EF31C /* CustomButtons.swift */ = {isa = PBXFileReference; lastKnownFileType = sourcecode.swift; path = CustomButtons.swift; sourceTree = "<group>"; };
		3789064222A78AF80000C75A /* AlertViewController.swift */ = {isa = PBXFileReference; lastKnownFileType = sourcecode.swift; path = AlertViewController.swift; sourceTree = "<group>"; };
		37B9A36B22F4EE2500BB774B /* CustomTextField.swift */ = {isa = PBXFileReference; lastKnownFileType = sourcecode.swift; path = CustomTextField.swift; sourceTree = "<group>"; };
		37B9A36F22F624F500BB774B /* Colors.swift */ = {isa = PBXFileReference; lastKnownFileType = sourcecode.swift; path = Colors.swift; sourceTree = "<group>"; };
		37C040052368ABAF00476B15 /* SettingsTableViewController.swift */ = {isa = PBXFileReference; lastKnownFileType = sourcecode.swift; path = SettingsTableViewController.swift; sourceTree = "<group>"; };
		37C040072368AEF200476B15 /* RoundSettingTableViewCell.swift */ = {isa = PBXFileReference; lastKnownFileType = sourcecode.swift; path = RoundSettingTableViewCell.swift; sourceTree = "<group>"; };
		37C85F1822F7B58A009FBE1E /* SettingsViewController.swift */ = {isa = PBXFileReference; lastKnownFileType = sourcecode.swift; path = SettingsViewController.swift; sourceTree = "<group>"; };
		37C85F1E22F7DA84009FBE1E /* ThemeHelper.swift */ = {isa = PBXFileReference; lastKnownFileType = sourcecode.swift; path = ThemeHelper.swift; sourceTree = "<group>"; };
		37C85F2022F87E6C009FBE1E /* UserDefaults.swift */ = {isa = PBXFileReference; lastKnownFileType = sourcecode.swift; path = UserDefaults.swift; sourceTree = "<group>"; };
		37C85F4F22F9248B009FBE1E /* ThemeSelectionTableViewCell.swift */ = {isa = PBXFileReference; lastKnownFileType = sourcecode.swift; path = ThemeSelectionTableViewCell.swift; sourceTree = "<group>"; };
		37DBD2EB235CECF50097C7FA /* RoundingKey.swift */ = {isa = PBXFileReference; lastKnownFileType = sourcecode.swift; path = RoundingKey.swift; sourceTree = "<group>"; };
/* End PBXFileReference section */

/* Begin PBXFrameworksBuildPhase section */
		371D16B622A46B4800E1BD02 /* Frameworks */ = {
			isa = PBXFrameworksBuildPhase;
			buildActionMask = 2147483647;
			files = (
			);
			runOnlyForDeploymentPostprocessing = 0;
		};
/* End PBXFrameworksBuildPhase section */

/* Begin PBXGroup section */
		371D16B022A46B4800E1BD02 = {
			isa = PBXGroup;
			children = (
				371D16BB22A46B4800E1BD02 /* tipTester */,
				371D16BA22A46B4800E1BD02 /* Products */,
			);
			sourceTree = "<group>";
		};
		371D16BA22A46B4800E1BD02 /* Products */ = {
			isa = PBXGroup;
			children = (
				371D16B922A46B4800E1BD02 /* tipTester.app */,
			);
			name = Products;
			sourceTree = "<group>";
		};
		371D16BB22A46B4800E1BD02 /* tipTester */ = {
			isa = PBXGroup;
			children = (
				371D16BC22A46B4800E1BD02 /* AppDelegate.swift */,
				370CE30322AF3B8800B66EDA /* PaddingTextField.swift */,
				37B9A36D22F52B9A00BB774B /* StoryBoards */,
				37B9A36E22F52BA900BB774B /* Views */,
				37F3D41C22ACD3F5006BA05D /* ViewControllers */,
				373FB90623009FE7009EF31C /* Extensions */,
				37F3D41B22ACD3E2006BA05D /* Model */,
				37B9A37122F624FD00BB774B /* Resources */,
				371D16C322A46B4800E1BD02 /* Assets.xcassets */,
				371D16C522A46B4800E1BD02 /* LaunchScreen.storyboard */,
				371D16C822A46B4800E1BD02 /* Info.plist */,
			);
			path = tipTester;
			sourceTree = "<group>";
		};
		373FB90623009FE7009EF31C /* Extensions */ = {
			isa = PBXGroup;
			children = (
				373FB90423009FE0009EF31C /* UINavigationController+StatusBar.swift */,
			);
			path = Extensions;
			sourceTree = "<group>";
		};
		37B9A36D22F52B9A00BB774B /* StoryBoards */ = {
			isa = PBXGroup;
			children = (
				371D16C022A46B4800E1BD02 /* Main.storyboard */,
			);
			path = StoryBoards;
			sourceTree = "<group>";
		};
		37B9A36E22F52BA900BB774B /* Views */ = {
			isa = PBXGroup;
			children = (
				373FB9072300FF97009EF31C /* CustomButtons.swift */,
				37C85F4F22F9248B009FBE1E /* ThemeSelectionTableViewCell.swift */,
				37B9A36B22F4EE2500BB774B /* CustomTextField.swift */,
				37C040072368AEF200476B15 /* RoundSettingTableViewCell.swift */,
			);
			path = Views;
			sourceTree = "<group>";
		};
		37B9A37122F624FD00BB774B /* Resources */ = {
			isa = PBXGroup;
			children = (
				37B9A36F22F624F500BB774B /* Colors.swift */,
				37DBD2EB235CECF50097C7FA /* RoundingKey.swift */,
			);
			path = Resources;
			sourceTree = "<group>";
		};
		37F3D41B22ACD3E2006BA05D /* Model */ = {
			isa = PBXGroup;
			children = (
				37C85F1E22F7DA84009FBE1E /* ThemeHelper.swift */,
				37C85F2022F87E6C009FBE1E /* UserDefaults.swift */,
				371D16CE22A47C6F00E1BD02 /* StringFormatter.swift */,
				371D16D022A4A52700E1BD02 /* CalculatorLogic.swift */,
			);
			path = Model;
			sourceTree = "<group>";
		};
		37F3D41C22ACD3F5006BA05D /* ViewControllers */ = {
			isa = PBXGroup;
			children = (
				371D16BE22A46B4800E1BD02 /* TipViewController.swift */,
				370BFEE3231CB682009B7B25 /* PlatterViewController.swift */,
				37C85F1822F7B58A009FBE1E /* SettingsViewController.swift */,
				3789064222A78AF80000C75A /* AlertViewController.swift */,
				37C040052368ABAF00476B15 /* SettingsTableViewController.swift */,
			);
			path = ViewControllers;
			sourceTree = "<group>";
		};
/* End PBXGroup section */

/* Begin PBXNativeTarget section */
		371D16B822A46B4800E1BD02 /* tipTester */ = {
			isa = PBXNativeTarget;
			buildConfigurationList = 371D16CB22A46B4800E1BD02 /* Build configuration list for PBXNativeTarget "tipTester" */;
			buildPhases = (
				371D16B522A46B4800E1BD02 /* Sources */,
				371D16B622A46B4800E1BD02 /* Frameworks */,
				371D16B722A46B4800E1BD02 /* Resources */,
			);
			buildRules = (
			);
			dependencies = (
			);
			name = tipTester;
			productName = tipTester;
			productReference = 371D16B922A46B4800E1BD02 /* tipTester.app */;
			productType = "com.apple.product-type.application";
		};
/* End PBXNativeTarget section */

/* Begin PBXProject section */
		371D16B122A46B4800E1BD02 /* Project object */ = {
			isa = PBXProject;
			attributes = {
				LastSwiftUpdateCheck = 1020;
				LastUpgradeCheck = 1020;
				ORGANIZATIONNAME = "Marlon Raskin";
				TargetAttributes = {
					371D16B822A46B4800E1BD02 = {
						CreatedOnToolsVersion = 10.2.1;
					};
				};
			};
			buildConfigurationList = 371D16B422A46B4800E1BD02 /* Build configuration list for PBXProject "Tipsy" */;
			compatibilityVersion = "Xcode 9.3";
			developmentRegion = en;
			hasScannedForEncodings = 0;
			knownRegions = (
				en,
				Base,
			);
			mainGroup = 371D16B022A46B4800E1BD02;
			productRefGroup = 371D16BA22A46B4800E1BD02 /* Products */;
			projectDirPath = "";
			projectRoot = "";
			targets = (
				371D16B822A46B4800E1BD02 /* tipTester */,
			);
		};
/* End PBXProject section */

/* Begin PBXResourcesBuildPhase section */
		371D16B722A46B4800E1BD02 /* Resources */ = {
			isa = PBXResourcesBuildPhase;
			buildActionMask = 2147483647;
			files = (
				371D16C722A46B4800E1BD02 /* LaunchScreen.storyboard in Resources */,
				371D16C422A46B4800E1BD02 /* Assets.xcassets in Resources */,
				371D16C222A46B4800E1BD02 /* Main.storyboard in Resources */,
			);
			runOnlyForDeploymentPostprocessing = 0;
		};
/* End PBXResourcesBuildPhase section */

/* Begin PBXSourcesBuildPhase section */
		371D16B522A46B4800E1BD02 /* Sources */ = {
			isa = PBXSourcesBuildPhase;
			buildActionMask = 2147483647;
			files = (
				37B9A36C22F4EE2500BB774B /* CustomTextField.swift in Sources */,
				371D16D122A4A52700E1BD02 /* CalculatorLogic.swift in Sources */,
				373FB9082300FF98009EF31C /* CustomButtons.swift in Sources */,
				37C040082368AEF200476B15 /* RoundSettingTableViewCell.swift in Sources */,
				370CE30422AF3B8800B66EDA /* PaddingTextField.swift in Sources */,
				37C85F1F22F7DA84009FBE1E /* ThemeHelper.swift in Sources */,
				37C85F5022F9248B009FBE1E /* ThemeSelectionTableViewCell.swift in Sources */,
				37C040062368ABAF00476B15 /* SettingsTableViewController.swift in Sources */,
				371D16CF22A47C6F00E1BD02 /* StringFormatter.swift in Sources */,
				371D16BF22A46B4800E1BD02 /* TipViewController.swift in Sources */,
				373FB90523009FE0009EF31C /* UINavigationController+StatusBar.swift in Sources */,
				3789064322A78AF80000C75A /* AlertViewController.swift in Sources */,
				371D16BD22A46B4800E1BD02 /* AppDelegate.swift in Sources */,
				37DBD2EC235CECF50097C7FA /* RoundingKey.swift in Sources */,
				37B9A37022F624F500BB774B /* Colors.swift in Sources */,
				37C85F2122F87E6C009FBE1E /* UserDefaults.swift in Sources */,
				370BFEE4231CB682009B7B25 /* PlatterViewController.swift in Sources */,
				37C85F1922F7B58A009FBE1E /* SettingsViewController.swift in Sources */,
			);
			runOnlyForDeploymentPostprocessing = 0;
		};
/* End PBXSourcesBuildPhase section */

/* Begin PBXVariantGroup section */
		371D16C022A46B4800E1BD02 /* Main.storyboard */ = {
			isa = PBXVariantGroup;
			children = (
				371D16C122A46B4800E1BD02 /* Base */,
			);
			name = Main.storyboard;
			sourceTree = "<group>";
		};
		371D16C522A46B4800E1BD02 /* LaunchScreen.storyboard */ = {
			isa = PBXVariantGroup;
			children = (
				371D16C622A46B4800E1BD02 /* Base */,
			);
			name = LaunchScreen.storyboard;
			sourceTree = "<group>";
		};
/* End PBXVariantGroup section */

/* Begin XCBuildConfiguration section */
		371D16C922A46B4800E1BD02 /* Debug */ = {
			isa = XCBuildConfiguration;
			buildSettings = {
				ALWAYS_SEARCH_USER_PATHS = NO;
				CLANG_ANALYZER_NONNULL = YES;
				CLANG_ANALYZER_NUMBER_OBJECT_CONVERSION = YES_AGGRESSIVE;
				CLANG_CXX_LANGUAGE_STANDARD = "gnu++14";
				CLANG_CXX_LIBRARY = "libc++";
				CLANG_ENABLE_MODULES = YES;
				CLANG_ENABLE_OBJC_ARC = YES;
				CLANG_ENABLE_OBJC_WEAK = YES;
				CLANG_WARN_BLOCK_CAPTURE_AUTORELEASING = YES;
				CLANG_WARN_BOOL_CONVERSION = YES;
				CLANG_WARN_COMMA = YES;
				CLANG_WARN_CONSTANT_CONVERSION = YES;
				CLANG_WARN_DEPRECATED_OBJC_IMPLEMENTATIONS = YES;
				CLANG_WARN_DIRECT_OBJC_ISA_USAGE = YES_ERROR;
				CLANG_WARN_DOCUMENTATION_COMMENTS = YES;
				CLANG_WARN_EMPTY_BODY = YES;
				CLANG_WARN_ENUM_CONVERSION = YES;
				CLANG_WARN_INFINITE_RECURSION = YES;
				CLANG_WARN_INT_CONVERSION = YES;
				CLANG_WARN_NON_LITERAL_NULL_CONVERSION = YES;
				CLANG_WARN_OBJC_IMPLICIT_RETAIN_SELF = YES;
				CLANG_WARN_OBJC_LITERAL_CONVERSION = YES;
				CLANG_WARN_OBJC_ROOT_CLASS = YES_ERROR;
				CLANG_WARN_RANGE_LOOP_ANALYSIS = YES;
				CLANG_WARN_STRICT_PROTOTYPES = YES;
				CLANG_WARN_SUSPICIOUS_MOVE = YES;
				CLANG_WARN_UNGUARDED_AVAILABILITY = YES_AGGRESSIVE;
				CLANG_WARN_UNREACHABLE_CODE = YES;
				CLANG_WARN__DUPLICATE_METHOD_MATCH = YES;
				CODE_SIGN_IDENTITY = "iPhone Developer";
				COPY_PHASE_STRIP = NO;
				DEBUG_INFORMATION_FORMAT = dwarf;
				ENABLE_STRICT_OBJC_MSGSEND = YES;
				ENABLE_TESTABILITY = YES;
				GCC_C_LANGUAGE_STANDARD = gnu11;
				GCC_DYNAMIC_NO_PIC = NO;
				GCC_NO_COMMON_BLOCKS = YES;
				GCC_OPTIMIZATION_LEVEL = 0;
				GCC_PREPROCESSOR_DEFINITIONS = (
					"DEBUG=1",
					"$(inherited)",
				);
				GCC_WARN_64_TO_32_BIT_CONVERSION = YES;
				GCC_WARN_ABOUT_RETURN_TYPE = YES_ERROR;
				GCC_WARN_UNDECLARED_SELECTOR = YES;
				GCC_WARN_UNINITIALIZED_AUTOS = YES_AGGRESSIVE;
				GCC_WARN_UNUSED_FUNCTION = YES;
				GCC_WARN_UNUSED_VARIABLE = YES;
				IPHONEOS_DEPLOYMENT_TARGET = 12.2;
				MTL_ENABLE_DEBUG_INFO = INCLUDE_SOURCE;
				MTL_FAST_MATH = YES;
				ONLY_ACTIVE_ARCH = YES;
				SDKROOT = iphoneos;
				SWIFT_ACTIVE_COMPILATION_CONDITIONS = DEBUG;
				SWIFT_OPTIMIZATION_LEVEL = "-Onone";
			};
			name = Debug;
		};
		371D16CA22A46B4800E1BD02 /* Release */ = {
			isa = XCBuildConfiguration;
			buildSettings = {
				ALWAYS_SEARCH_USER_PATHS = NO;
				CLANG_ANALYZER_NONNULL = YES;
				CLANG_ANALYZER_NUMBER_OBJECT_CONVERSION = YES_AGGRESSIVE;
				CLANG_CXX_LANGUAGE_STANDARD = "gnu++14";
				CLANG_CXX_LIBRARY = "libc++";
				CLANG_ENABLE_MODULES = YES;
				CLANG_ENABLE_OBJC_ARC = YES;
				CLANG_ENABLE_OBJC_WEAK = YES;
				CLANG_WARN_BLOCK_CAPTURE_AUTORELEASING = YES;
				CLANG_WARN_BOOL_CONVERSION = YES;
				CLANG_WARN_COMMA = YES;
				CLANG_WARN_CONSTANT_CONVERSION = YES;
				CLANG_WARN_DEPRECATED_OBJC_IMPLEMENTATIONS = YES;
				CLANG_WARN_DIRECT_OBJC_ISA_USAGE = YES_ERROR;
				CLANG_WARN_DOCUMENTATION_COMMENTS = YES;
				CLANG_WARN_EMPTY_BODY = YES;
				CLANG_WARN_ENUM_CONVERSION = YES;
				CLANG_WARN_INFINITE_RECURSION = YES;
				CLANG_WARN_INT_CONVERSION = YES;
				CLANG_WARN_NON_LITERAL_NULL_CONVERSION = YES;
				CLANG_WARN_OBJC_IMPLICIT_RETAIN_SELF = YES;
				CLANG_WARN_OBJC_LITERAL_CONVERSION = YES;
				CLANG_WARN_OBJC_ROOT_CLASS = YES_ERROR;
				CLANG_WARN_RANGE_LOOP_ANALYSIS = YES;
				CLANG_WARN_STRICT_PROTOTYPES = YES;
				CLANG_WARN_SUSPICIOUS_MOVE = YES;
				CLANG_WARN_UNGUARDED_AVAILABILITY = YES_AGGRESSIVE;
				CLANG_WARN_UNREACHABLE_CODE = YES;
				CLANG_WARN__DUPLICATE_METHOD_MATCH = YES;
				CODE_SIGN_IDENTITY = "iPhone Developer";
				COPY_PHASE_STRIP = NO;
				DEBUG_INFORMATION_FORMAT = "dwarf-with-dsym";
				ENABLE_NS_ASSERTIONS = NO;
				ENABLE_STRICT_OBJC_MSGSEND = YES;
				GCC_C_LANGUAGE_STANDARD = gnu11;
				GCC_NO_COMMON_BLOCKS = YES;
				GCC_WARN_64_TO_32_BIT_CONVERSION = YES;
				GCC_WARN_ABOUT_RETURN_TYPE = YES_ERROR;
				GCC_WARN_UNDECLARED_SELECTOR = YES;
				GCC_WARN_UNINITIALIZED_AUTOS = YES_AGGRESSIVE;
				GCC_WARN_UNUSED_FUNCTION = YES;
				GCC_WARN_UNUSED_VARIABLE = YES;
				IPHONEOS_DEPLOYMENT_TARGET = 12.2;
				MTL_ENABLE_DEBUG_INFO = NO;
				MTL_FAST_MATH = YES;
				SDKROOT = iphoneos;
				SWIFT_COMPILATION_MODE = wholemodule;
				SWIFT_OPTIMIZATION_LEVEL = "-O";
				VALIDATE_PRODUCT = YES;
			};
			name = Release;
		};
		371D16CC22A46B4800E1BD02 /* Debug */ = {
			isa = XCBuildConfiguration;
			buildSettings = {
				ASSETCATALOG_COMPILER_APPICON_NAME = AppIcon;
				CODE_SIGN_STYLE = Automatic;
				DEVELOPMENT_TEAM = D6VB3396MT;
				INFOPLIST_FILE = tipTester/Info.plist;
				IPHONEOS_DEPLOYMENT_TARGET = 13.0;
				LD_RUNPATH_SEARCH_PATHS = (
					"$(inherited)",
					"@executable_path/Frameworks",
				);
				PRODUCT_BUNDLE_IDENTIFIER = "Marlon-Raskin.tipTester";
				PRODUCT_NAME = "$(TARGET_NAME)";
				SWIFT_VERSION = 5.0;
				TARGETED_DEVICE_FAMILY = 1;
			};
			name = Debug;
		};
		371D16CD22A46B4800E1BD02 /* Release */ = {
			isa = XCBuildConfiguration;
			buildSettings = {
				ASSETCATALOG_COMPILER_APPICON_NAME = AppIcon;
				CODE_SIGN_STYLE = Automatic;
				DEVELOPMENT_TEAM = D6VB3396MT;
				INFOPLIST_FILE = tipTester/Info.plist;
				IPHONEOS_DEPLOYMENT_TARGET = 13.0;
				LD_RUNPATH_SEARCH_PATHS = (
					"$(inherited)",
					"@executable_path/Frameworks",
				);
				PRODUCT_BUNDLE_IDENTIFIER = "Marlon-Raskin.tipTester";
				PRODUCT_NAME = "$(TARGET_NAME)";
				SWIFT_VERSION = 5.0;
				TARGETED_DEVICE_FAMILY = 1;
			};
			name = Release;
		};
/* End XCBuildConfiguration section */

/* Begin XCConfigurationList section */
		371D16B422A46B4800E1BD02 /* Build configuration list for PBXProject "Tipsy" */ = {
			isa = XCConfigurationList;
			buildConfigurations = (
				371D16C922A46B4800E1BD02 /* Debug */,
				371D16CA22A46B4800E1BD02 /* Release */,
			);
			defaultConfigurationIsVisible = 0;
			defaultConfigurationName = Release;
		};
		371D16CB22A46B4800E1BD02 /* Build configuration list for PBXNativeTarget "tipTester" */ = {
			isa = XCConfigurationList;
			buildConfigurations = (
				371D16CC22A46B4800E1BD02 /* Debug */,
				371D16CD22A46B4800E1BD02 /* Release */,
			);
			defaultConfigurationIsVisible = 0;
			defaultConfigurationName = Release;
		};
/* End XCConfigurationList section */
	};
	rootObject = 371D16B122A46B4800E1BD02 /* Project object */;
}
