// !$*UTF8*$!
{
	archiveVersion = 1;
	classes = {
	};
	objectVersion = 50;
	objects = {

/* Begin PBXBuildFile section */
		370BFEE4231CB682009B7B25 /* PlatterViewController.swift in Sources */ = {isa = PBXBuildFile; fileRef = 370BFEE3231CB682009B7B25 /* PlatterViewController.swift */; };
		371D16BD22A46B4800E1BD02 /* AppDelegate.swift in Sources */ = {isa = PBXBuildFile; fileRef = 371D16BC22A46B4800E1BD02 /* AppDelegate.swift */; };
		371D16BF22A46B4800E1BD02 /* TipViewController.swift in Sources */ = {isa = PBXBuildFile; fileRef = 371D16BE22A46B4800E1BD02 /* TipViewController.swift */; };
		371D16C222A46B4800E1BD02 /* Main.storyboard in Resources */ = {isa = PBXBuildFile; fileRef = 371D16C022A46B4800E1BD02 /* Main.storyboard */; };
		371D16C422A46B4800E1BD02 /* Assets.xcassets in Resources */ = {isa = PBXBuildFile; fileRef = 371D16C322A46B4800E1BD02 /* Assets.xcassets */; };
		371D16C722A46B4800E1BD02 /* LaunchScreen.storyboard in Resources */ = {isa = PBXBuildFile; fileRef = 371D16C522A46B4800E1BD02 /* LaunchScreen.storyboard */; };
		371D16CF22A47C6F00E1BD02 /* StringFormatter.swift in Sources */ = {isa = PBXBuildFile; fileRef = 371D16CE22A47C6F00E1BD02 /* StringFormatter.swift */; };
		371D16D122A4A52700E1BD02 /* CalculatorLogic.swift in Sources */ = {isa = PBXBuildFile; fileRef = 371D16D022A4A52700E1BD02 /* CalculatorLogic.swift */; };
		373F92DE236A5F3D003F1B36 /* AlertTint+UIAlertController.swift in Sources */ = {isa = PBXBuildFile; fileRef = 373F92DD236A5F3D003F1B36 /* AlertTint+UIAlertController.swift */; };
		37532B07238BFF53007B2886 /* Alerts.swift in Sources */ = {isa = PBXBuildFile; fileRef = 37532B06238BFF53007B2886 /* Alerts.swift */; };
		375CBF2B23920A2800C3D50A /* SettingsHelper.swift in Sources */ = {isa = PBXBuildFile; fileRef = 375CBF2A23920A2800C3D50A /* SettingsHelper.swift */; };
		375CBF2D23921B8600C3D50A /* BasicSettingsTableViewCell.swift in Sources */ = {isa = PBXBuildFile; fileRef = 375CBF2C23921B8600C3D50A /* BasicSettingsTableViewCell.swift */; };
		375CBF312392703C00C3D50A /* FontHelper.swift in Sources */ = {isa = PBXBuildFile; fileRef = 375CBF302392703C00C3D50A /* FontHelper.swift */; };
		375CBF352393747700C3D50A /* Cartfile in Resources */ = {isa = PBXBuildFile; fileRef = 375CBF342393747700C3D50A /* Cartfile */; };
		375CBF3D23938E6C00C3D50A /* String+ToImage.swift in Sources */ = {isa = PBXBuildFile; fileRef = 375CBF3C23938E6C00C3D50A /* String+ToImage.swift */; };
		3766AB9823753340005829D8 /* tipsyPaymentRequest.png in Resources */ = {isa = PBXBuildFile; fileRef = 3766AB9723753340005829D8 /* tipsyPaymentRequest.png */; };
		3766AB9A2375DBBE005829D8 /* Contacts.storyboard in Resources */ = {isa = PBXBuildFile; fileRef = 3766AB992375DBBE005829D8 /* Contacts.storyboard */; };
		3782D3A9236AC874008442DA /* QuickTipsViewController.swift in Sources */ = {isa = PBXBuildFile; fileRef = 3782D3A8236AC874008442DA /* QuickTipsViewController.swift */; };
		3782D3AB236B61DD008442DA /* NeverSelectedTableViewCell.swift in Sources */ = {isa = PBXBuildFile; fileRef = 3782D3AA236B61DD008442DA /* NeverSelectedTableViewCell.swift */; };
		3782D3AD236BAE4D008442DA /* EmojiButton.swift in Sources */ = {isa = PBXBuildFile; fileRef = 3782D3AC236BAE4D008442DA /* EmojiButton.swift */; };
		37A2187F236A9BD0004BD9D6 /* EmojiCollectionViewController.swift in Sources */ = {isa = PBXBuildFile; fileRef = 37A2187E236A9BD0004BD9D6 /* EmojiCollectionViewController.swift */; };
		37A21881236AA768004BD9D6 /* EmojiCollectionViewCell.swift in Sources */ = {isa = PBXBuildFile; fileRef = 37A21880236AA768004BD9D6 /* EmojiCollectionViewCell.swift */; };
		37B9A37022F624F500BB774B /* Colors.swift in Sources */ = {isa = PBXBuildFile; fileRef = 37B9A36F22F624F500BB774B /* Colors.swift */; };
		37C040062368ABAF00476B15 /* SettingsTableViewController.swift in Sources */ = {isa = PBXBuildFile; fileRef = 37C040052368ABAF00476B15 /* SettingsTableViewController.swift */; };
		37C040082368AEF200476B15 /* ToggleSettingsTableViewCell.swift in Sources */ = {isa = PBXBuildFile; fileRef = 37C040072368AEF200476B15 /* ToggleSettingsTableViewCell.swift */; };
		37DD59C5236BB61800EA1082 /* Defaults.swift in Sources */ = {isa = PBXBuildFile; fileRef = 37DD59C4236BB61800EA1082 /* Defaults.swift */; };
		37DD59E8236CAE7C00EA1082 /* PhotoCollectionViewCell.swift in Sources */ = {isa = PBXBuildFile; fileRef = 37DD59E7236CAE7C00EA1082 /* PhotoCollectionViewCell.swift */; };
		37DD59EA23711F9300EA1082 /* QuickTipsView.swift in Sources */ = {isa = PBXBuildFile; fileRef = 37DD59E923711F9300EA1082 /* QuickTipsView.swift */; };
		37DD59EC23711FB700EA1082 /* QuickTipsView.xib in Resources */ = {isa = PBXBuildFile; fileRef = 37DD59EB23711FB700EA1082 /* QuickTipsView.xib */; };
		37E9B627237648F1000919A3 /* CustomButtons.swift in Sources */ = {isa = PBXBuildFile; fileRef = 373FB9072300FF97009EF31C /* CustomButtons.swift */; };
		37E9B6292377D3B1000919A3 /* HapticFeedback.swift in Sources */ = {isa = PBXBuildFile; fileRef = 37E9B6282377D3B1000919A3 /* HapticFeedback.swift */; };
/* End PBXBuildFile section */

/* Begin PBXFileReference section */
		370BFEE3231CB682009B7B25 /* PlatterViewController.swift */ = {isa = PBXFileReference; lastKnownFileType = sourcecode.swift; path = PlatterViewController.swift; sourceTree = "<group>"; };
		371D16B922A46B4800E1BD02 /* tipsy.app */ = {isa = PBXFileReference; explicitFileType = wrapper.application; includeInIndex = 0; path = tipsy.app; sourceTree = BUILT_PRODUCTS_DIR; };
		371D16BC22A46B4800E1BD02 /* AppDelegate.swift */ = {isa = PBXFileReference; lastKnownFileType = sourcecode.swift; path = AppDelegate.swift; sourceTree = "<group>"; };
		371D16BE22A46B4800E1BD02 /* TipViewController.swift */ = {isa = PBXFileReference; lastKnownFileType = sourcecode.swift; path = TipViewController.swift; sourceTree = "<group>"; };
		371D16C122A46B4800E1BD02 /* Base */ = {isa = PBXFileReference; lastKnownFileType = file.storyboard; name = Base; path = Base.lproj/Main.storyboard; sourceTree = "<group>"; };
		371D16C322A46B4800E1BD02 /* Assets.xcassets */ = {isa = PBXFileReference; lastKnownFileType = folder.assetcatalog; path = Assets.xcassets; sourceTree = "<group>"; };
		371D16C622A46B4800E1BD02 /* Base */ = {isa = PBXFileReference; lastKnownFileType = file.storyboard; name = Base; path = Base.lproj/LaunchScreen.storyboard; sourceTree = "<group>"; };
		371D16C822A46B4800E1BD02 /* Info.plist */ = {isa = PBXFileReference; lastKnownFileType = text.plist.xml; path = Info.plist; sourceTree = "<group>"; };
		371D16CE22A47C6F00E1BD02 /* StringFormatter.swift */ = {isa = PBXFileReference; lastKnownFileType = sourcecode.swift; path = StringFormatter.swift; sourceTree = "<group>"; };
		371D16D022A4A52700E1BD02 /* CalculatorLogic.swift */ = {isa = PBXFileReference; lastKnownFileType = sourcecode.swift; path = CalculatorLogic.swift; sourceTree = "<group>"; };
		373F92DD236A5F3D003F1B36 /* AlertTint+UIAlertController.swift */ = {isa = PBXFileReference; fileEncoding = 4; lastKnownFileType = sourcecode.swift; path = "AlertTint+UIAlertController.swift"; sourceTree = "<group>"; };
		373FB9072300FF97009EF31C /* CustomButtons.swift */ = {isa = PBXFileReference; lastKnownFileType = sourcecode.swift; path = CustomButtons.swift; sourceTree = "<group>"; };
		37532B06238BFF53007B2886 /* Alerts.swift */ = {isa = PBXFileReference; lastKnownFileType = sourcecode.swift; path = Alerts.swift; sourceTree = "<group>"; };
		375CBF2A23920A2800C3D50A /* SettingsHelper.swift */ = {isa = PBXFileReference; lastKnownFileType = sourcecode.swift; path = SettingsHelper.swift; sourceTree = "<group>"; };
		375CBF2C23921B8600C3D50A /* BasicSettingsTableViewCell.swift */ = {isa = PBXFileReference; lastKnownFileType = sourcecode.swift; path = BasicSettingsTableViewCell.swift; sourceTree = "<group>"; };
		375CBF302392703C00C3D50A /* FontHelper.swift */ = {isa = PBXFileReference; fileEncoding = 4; lastKnownFileType = sourcecode.swift; path = FontHelper.swift; sourceTree = "<group>"; };
		375CBF342393747700C3D50A /* Cartfile */ = {isa = PBXFileReference; lastKnownFileType = text; path = Cartfile; sourceTree = "<group>"; };
		375CBF3C23938E6C00C3D50A /* String+ToImage.swift */ = {isa = PBXFileReference; lastKnownFileType = sourcecode.swift; path = "String+ToImage.swift"; sourceTree = "<group>"; };
		3766AB9723753340005829D8 /* tipsyPaymentRequest.png */ = {isa = PBXFileReference; lastKnownFileType = image.png; path = tipsyPaymentRequest.png; sourceTree = "<group>"; };
		3766AB992375DBBE005829D8 /* Contacts.storyboard */ = {isa = PBXFileReference; lastKnownFileType = file.storyboard; path = Contacts.storyboard; sourceTree = "<group>"; };
		3782D3A8236AC874008442DA /* QuickTipsViewController.swift */ = {isa = PBXFileReference; lastKnownFileType = sourcecode.swift; path = QuickTipsViewController.swift; sourceTree = "<group>"; };
		3782D3AA236B61DD008442DA /* NeverSelectedTableViewCell.swift */ = {isa = PBXFileReference; lastKnownFileType = sourcecode.swift; path = NeverSelectedTableViewCell.swift; sourceTree = "<group>"; };
		3782D3AC236BAE4D008442DA /* EmojiButton.swift */ = {isa = PBXFileReference; lastKnownFileType = sourcecode.swift; path = EmojiButton.swift; sourceTree = "<group>"; };
		37A2187E236A9BD0004BD9D6 /* EmojiCollectionViewController.swift */ = {isa = PBXFileReference; lastKnownFileType = sourcecode.swift; path = EmojiCollectionViewController.swift; sourceTree = "<group>"; };
		37A21880236AA768004BD9D6 /* EmojiCollectionViewCell.swift */ = {isa = PBXFileReference; lastKnownFileType = sourcecode.swift; path = EmojiCollectionViewCell.swift; sourceTree = "<group>"; };
		37B9A36F22F624F500BB774B /* Colors.swift */ = {isa = PBXFileReference; lastKnownFileType = sourcecode.swift; path = Colors.swift; sourceTree = "<group>"; };
		37C040052368ABAF00476B15 /* SettingsTableViewController.swift */ = {isa = PBXFileReference; lastKnownFileType = sourcecode.swift; path = SettingsTableViewController.swift; sourceTree = "<group>"; };
		37C040072368AEF200476B15 /* ToggleSettingsTableViewCell.swift */ = {isa = PBXFileReference; lastKnownFileType = sourcecode.swift; path = ToggleSettingsTableViewCell.swift; sourceTree = "<group>"; };
		37DD59C4236BB61800EA1082 /* Defaults.swift */ = {isa = PBXFileReference; lastKnownFileType = sourcecode.swift; path = Defaults.swift; sourceTree = "<group>"; };
		37DD59E7236CAE7C00EA1082 /* PhotoCollectionViewCell.swift */ = {isa = PBXFileReference; lastKnownFileType = sourcecode.swift; path = PhotoCollectionViewCell.swift; sourceTree = "<group>"; };
		37DD59E923711F9300EA1082 /* QuickTipsView.swift */ = {isa = PBXFileReference; lastKnownFileType = sourcecode.swift; path = QuickTipsView.swift; sourceTree = "<group>"; };
		37DD59EB23711FB700EA1082 /* QuickTipsView.xib */ = {isa = PBXFileReference; lastKnownFileType = file.xib; path = QuickTipsView.xib; sourceTree = "<group>"; };
		37E9B6282377D3B1000919A3 /* HapticFeedback.swift */ = {isa = PBXFileReference; lastKnownFileType = sourcecode.swift; path = HapticFeedback.swift; sourceTree = "<group>"; };
/* End PBXFileReference section */

/* Begin PBXFrameworksBuildPhase section */
		371D16B622A46B4800E1BD02 /* Frameworks */ = {
			isa = PBXFrameworksBuildPhase;
			buildActionMask = 2147483647;
			files = (
			);
			runOnlyForDeploymentPostprocessing = 0;
		};
/* End PBXFrameworksBuildPhase section */

/* Begin PBXGroup section */
		371D16B022A46B4800E1BD02 = {
			isa = PBXGroup;
			children = (
				375CBF342393747700C3D50A /* Cartfile */,
				371D16BB22A46B4800E1BD02 /* tipsy */,
				371D16BA22A46B4800E1BD02 /* Products */,
				375CBF362393772600C3D50A /* Frameworks */,
			);
			sourceTree = "<group>";
		};
		371D16BA22A46B4800E1BD02 /* Products */ = {
			isa = PBXGroup;
			children = (
				371D16B922A46B4800E1BD02 /* tipsy.app */,
			);
			name = Products;
			sourceTree = "<group>";
		};
		371D16BB22A46B4800E1BD02 /* tipsy */ = {
			isa = PBXGroup;
			children = (
				371D16BC22A46B4800E1BD02 /* AppDelegate.swift */,
				37B9A36D22F52B9A00BB774B /* StoryBoards */,
				37B9A36E22F52BA900BB774B /* Views */,
				37F3D41C22ACD3F5006BA05D /* ViewControllers */,
				373FB90623009FE7009EF31C /* Extensions */,
				37F3D41B22ACD3E2006BA05D /* Model */,
				37DD59C3236BB60000EA1082 /* Helpers */,
				37B9A37122F624FD00BB774B /* Resources */,
				371D16C322A46B4800E1BD02 /* Assets.xcassets */,
				371D16C522A46B4800E1BD02 /* LaunchScreen.storyboard */,
				371D16C822A46B4800E1BD02 /* Info.plist */,
			);
			path = tipsy;
			sourceTree = "<group>";
		};
		373FB90623009FE7009EF31C /* Extensions */ = {
			isa = PBXGroup;
			children = (
				373F92DD236A5F3D003F1B36 /* AlertTint+UIAlertController.swift */,
			);
			path = Extensions;
			sourceTree = "<group>";
		};
		375CBF362393772600C3D50A /* Frameworks */ = {
			isa = PBXGroup;
			children = (
			);
			name = Frameworks;
			sourceTree = "<group>";
		};
		37B9A36D22F52B9A00BB774B /* StoryBoards */ = {
			isa = PBXGroup;
			children = (
				371D16C022A46B4800E1BD02 /* Main.storyboard */,
				3766AB992375DBBE005829D8 /* Contacts.storyboard */,
			);
			path = StoryBoards;
			sourceTree = "<group>";
		};
		37B9A36E22F52BA900BB774B /* Views */ = {
			isa = PBXGroup;
			children = (
				3782D3AC236BAE4D008442DA /* EmojiButton.swift */,
				373FB9072300FF97009EF31C /* CustomButtons.swift */,
				375CBF2C23921B8600C3D50A /* BasicSettingsTableViewCell.swift */,
				37C040072368AEF200476B15 /* ToggleSettingsTableViewCell.swift */,
				37A21880236AA768004BD9D6 /* EmojiCollectionViewCell.swift */,
				3782D3AA236B61DD008442DA /* NeverSelectedTableViewCell.swift */,
				37DD59E7236CAE7C00EA1082 /* PhotoCollectionViewCell.swift */,
				37DD59E923711F9300EA1082 /* QuickTipsView.swift */,
				37DD59EB23711FB700EA1082 /* QuickTipsView.xib */,
			);
			path = Views;
			sourceTree = "<group>";
		};
		37B9A37122F624FD00BB774B /* Resources */ = {
			isa = PBXGroup;
			children = (
				37B9A36F22F624F500BB774B /* Colors.swift */,
				3766AB9723753340005829D8 /* tipsyPaymentRequest.png */,
				37E9B6282377D3B1000919A3 /* HapticFeedback.swift */,
			);
			path = Resources;
			sourceTree = "<group>";
		};
		37DD59C3236BB60000EA1082 /* Helpers */ = {
			isa = PBXGroup;
			children = (
				37DD59C4236BB61800EA1082 /* Defaults.swift */,
				37532B06238BFF53007B2886 /* Alerts.swift */,
				375CBF302392703C00C3D50A /* FontHelper.swift */,
				375CBF3C23938E6C00C3D50A /* String+ToImage.swift */,
			);
			path = Helpers;
			sourceTree = "<group>";
		};
		37F3D41B22ACD3E2006BA05D /* Model */ = {
			isa = PBXGroup;
			children = (
				371D16CE22A47C6F00E1BD02 /* StringFormatter.swift */,
				371D16D022A4A52700E1BD02 /* CalculatorLogic.swift */,
				375CBF2A23920A2800C3D50A /* SettingsHelper.swift */,
			);
			path = Model;
			sourceTree = "<group>";
		};
		37F3D41C22ACD3F5006BA05D /* ViewControllers */ = {
			isa = PBXGroup;
			children = (
				371D16BE22A46B4800E1BD02 /* TipViewController.swift */,
				370BFEE3231CB682009B7B25 /* PlatterViewController.swift */,
				37C040052368ABAF00476B15 /* SettingsTableViewController.swift */,
				37A2187E236A9BD0004BD9D6 /* EmojiCollectionViewController.swift */,
				3782D3A8236AC874008442DA /* QuickTipsViewController.swift */,
			);
			path = ViewControllers;
			sourceTree = "<group>";
		};
/* End PBXGroup section */

/* Begin PBXNativeTarget section */
		371D16B822A46B4800E1BD02 /* tipsy */ = {
			isa = PBXNativeTarget;
			buildConfigurationList = 371D16CB22A46B4800E1BD02 /* Build configuration list for PBXNativeTarget "tipsy" */;
			buildPhases = (
				371D16B522A46B4800E1BD02 /* Sources */,
				371D16B622A46B4800E1BD02 /* Frameworks */,
				371D16B722A46B4800E1BD02 /* Resources */,
				375CBF392393775D00C3D50A /* Run Script - Carthage */,
			);
			buildRules = (
			);
			dependencies = (
			);
			name = tipsy;
			productName = tipTester;
			productReference = 371D16B922A46B4800E1BD02 /* tipsy.app */;
			productType = "com.apple.product-type.application";
		};
/* End PBXNativeTarget section */

/* Begin PBXProject section */
		371D16B122A46B4800E1BD02 /* Project object */ = {
			isa = PBXProject;
			attributes = {
				LastSwiftUpdateCheck = 1020;
				LastUpgradeCheck = 1020;
				ORGANIZATIONNAME = "Marlon Raskin";
				TargetAttributes = {
					371D16B822A46B4800E1BD02 = {
						CreatedOnToolsVersion = 10.2.1;
					};
				};
			};
			buildConfigurationList = 371D16B422A46B4800E1BD02 /* Build configuration list for PBXProject "Tipsy" */;
			compatibilityVersion = "Xcode 9.3";
			developmentRegion = en;
			hasScannedForEncodings = 0;
			knownRegions = (
				en,
				Base,
			);
			mainGroup = 371D16B022A46B4800E1BD02;
			productRefGroup = 371D16BA22A46B4800E1BD02 /* Products */;
			projectDirPath = "";
			projectRoot = "";
			targets = (
				371D16B822A46B4800E1BD02 /* tipsy */,
			);
		};
/* End PBXProject section */

/* Begin PBXResourcesBuildPhase section */
		371D16B722A46B4800E1BD02 /* Resources */ = {
			isa = PBXResourcesBuildPhase;
			buildActionMask = 2147483647;
			files = (
				371D16C722A46B4800E1BD02 /* LaunchScreen.storyboard in Resources */,
				3766AB9823753340005829D8 /* tipsyPaymentRequest.png in Resources */,
				3766AB9A2375DBBE005829D8 /* Contacts.storyboard in Resources */,
				375CBF352393747700C3D50A /* Cartfile in Resources */,
				371D16C422A46B4800E1BD02 /* Assets.xcassets in Resources */,
				371D16C222A46B4800E1BD02 /* Main.storyboard in Resources */,
				37DD59EC23711FB700EA1082 /* QuickTipsView.xib in Resources */,
			);
			runOnlyForDeploymentPostprocessing = 0;
		};
/* End PBXResourcesBuildPhase section */

/* Begin PBXShellScriptBuildPhase section */
		375CBF392393775D00C3D50A /* Run Script - Carthage */ = {
			isa = PBXShellScriptBuildPhase;
			buildActionMask = 2147483647;
			files = (
			);
			inputFileListPaths = (
			);
			inputPaths = (
			);
			name = "Run Script - Carthage";
			outputFileListPaths = (
			);
			outputPaths = (
			);
			runOnlyForDeploymentPostprocessing = 0;
			shellPath = /bin/sh;
			shellScript = "/usr/local/bin/carthage copy-frameworks\n/usr/local/bin/carthage outdated --xcode-warnings\n";
		};
/* End PBXShellScriptBuildPhase section */

/* Begin PBXSourcesBuildPhase section */
		371D16B522A46B4800E1BD02 /* Sources */ = {
			isa = PBXSourcesBuildPhase;
			buildActionMask = 2147483647;
			files = (
				371D16D122A4A52700E1BD02 /* CalculatorLogic.swift in Sources */,
				37C040082368AEF200476B15 /* ToggleSettingsTableViewCell.swift in Sources */,
				3782D3AD236BAE4D008442DA /* EmojiButton.swift in Sources */,
				37A21881236AA768004BD9D6 /* EmojiCollectionViewCell.swift in Sources */,
				37DD59C5236BB61800EA1082 /* Defaults.swift in Sources */,
				37C040062368ABAF00476B15 /* SettingsTableViewController.swift in Sources */,
				375CBF2D23921B8600C3D50A /* BasicSettingsTableViewCell.swift in Sources */,
				37532B07238BFF53007B2886 /* Alerts.swift in Sources */,
				371D16CF22A47C6F00E1BD02 /* StringFormatter.swift in Sources */,
				37E9B6292377D3B1000919A3 /* HapticFeedback.swift in Sources */,
				375CBF312392703C00C3D50A /* FontHelper.swift in Sources */,
				3782D3AB236B61DD008442DA /* NeverSelectedTableViewCell.swift in Sources */,
				37DD59E8236CAE7C00EA1082 /* PhotoCollectionViewCell.swift in Sources */,
				371D16BF22A46B4800E1BD02 /* TipViewController.swift in Sources */,
				37E9B627237648F1000919A3 /* CustomButtons.swift in Sources */,
				371D16BD22A46B4800E1BD02 /* AppDelegate.swift in Sources */,
				373F92DE236A5F3D003F1B36 /* AlertTint+UIAlertController.swift in Sources */,
				3782D3A9236AC874008442DA /* QuickTipsViewController.swift in Sources */,
				375CBF2B23920A2800C3D50A /* SettingsHelper.swift in Sources */,
				37B9A37022F624F500BB774B /* Colors.swift in Sources */,
				37DD59EA23711F9300EA1082 /* QuickTipsView.swift in Sources */,
				375CBF3D23938E6C00C3D50A /* String+ToImage.swift in Sources */,
				37A2187F236A9BD0004BD9D6 /* EmojiCollectionViewController.swift in Sources */,
				370BFEE4231CB682009B7B25 /* PlatterViewController.swift in Sources */,
			);
			runOnlyForDeploymentPostprocessing = 0;
		};
/* End PBXSourcesBuildPhase section */

/* Begin PBXVariantGroup section */
		371D16C022A46B4800E1BD02 /* Main.storyboard */ = {
			isa = PBXVariantGroup;
			children = (
				371D16C122A46B4800E1BD02 /* Base */,
			);
			name = Main.storyboard;
			sourceTree = "<group>";
		};
		371D16C522A46B4800E1BD02 /* LaunchScreen.storyboard */ = {
			isa = PBXVariantGroup;
			children = (
				371D16C622A46B4800E1BD02 /* Base */,
			);
			name = LaunchScreen.storyboard;
			sourceTree = "<group>";
		};
/* End PBXVariantGroup section */

/* Begin XCBuildConfiguration section */
		371D16C922A46B4800E1BD02 /* Debug */ = {
			isa = XCBuildConfiguration;
			buildSettings = {
				ALWAYS_SEARCH_USER_PATHS = NO;
				CLANG_ANALYZER_NONNULL = YES;
				CLANG_ANALYZER_NUMBER_OBJECT_CONVERSION = YES_AGGRESSIVE;
				CLANG_CXX_LANGUAGE_STANDARD = "gnu++14";
				CLANG_CXX_LIBRARY = "libc++";
				CLANG_ENABLE_MODULES = YES;
				CLANG_ENABLE_OBJC_ARC = YES;
				CLANG_ENABLE_OBJC_WEAK = YES;
				CLANG_WARN_BLOCK_CAPTURE_AUTORELEASING = YES;
				CLANG_WARN_BOOL_CONVERSION = YES;
				CLANG_WARN_COMMA = YES;
				CLANG_WARN_CONSTANT_CONVERSION = YES;
				CLANG_WARN_DEPRECATED_OBJC_IMPLEMENTATIONS = YES;
				CLANG_WARN_DIRECT_OBJC_ISA_USAGE = YES_ERROR;
				CLANG_WARN_DOCUMENTATION_COMMENTS = YES;
				CLANG_WARN_EMPTY_BODY = YES;
				CLANG_WARN_ENUM_CONVERSION = YES;
				CLANG_WARN_INFINITE_RECURSION = YES;
				CLANG_WARN_INT_CONVERSION = YES;
				CLANG_WARN_NON_LITERAL_NULL_CONVERSION = YES;
				CLANG_WARN_OBJC_IMPLICIT_RETAIN_SELF = YES;
				CLANG_WARN_OBJC_LITERAL_CONVERSION = YES;
				CLANG_WARN_OBJC_ROOT_CLASS = YES_ERROR;
				CLANG_WARN_RANGE_LOOP_ANALYSIS = YES;
				CLANG_WARN_STRICT_PROTOTYPES = YES;
				CLANG_WARN_SUSPICIOUS_MOVE = YES;
				CLANG_WARN_UNGUARDED_AVAILABILITY = YES_AGGRESSIVE;
				CLANG_WARN_UNREACHABLE_CODE = YES;
				CLANG_WARN__DUPLICATE_METHOD_MATCH = YES;
				CODE_SIGN_IDENTITY = "iPhone Developer";
				COPY_PHASE_STRIP = NO;
				DEBUG_INFORMATION_FORMAT = dwarf;
				ENABLE_STRICT_OBJC_MSGSEND = YES;
				ENABLE_TESTABILITY = YES;
				GCC_C_LANGUAGE_STANDARD = gnu11;
				GCC_DYNAMIC_NO_PIC = NO;
				GCC_NO_COMMON_BLOCKS = YES;
				GCC_OPTIMIZATION_LEVEL = 0;
				GCC_PREPROCESSOR_DEFINITIONS = (
					"DEBUG=1",
					"$(inherited)",
				);
				GCC_WARN_64_TO_32_BIT_CONVERSION = YES;
				GCC_WARN_ABOUT_RETURN_TYPE = YES_ERROR;
				GCC_WARN_UNDECLARED_SELECTOR = YES;
				GCC_WARN_UNINITIALIZED_AUTOS = YES_AGGRESSIVE;
				GCC_WARN_UNUSED_FUNCTION = YES;
				GCC_WARN_UNUSED_VARIABLE = YES;
				IPHONEOS_DEPLOYMENT_TARGET = 12.2;
				MTL_ENABLE_DEBUG_INFO = INCLUDE_SOURCE;
				MTL_FAST_MATH = YES;
				ONLY_ACTIVE_ARCH = YES;
				SDKROOT = iphoneos;
				SWIFT_ACTIVE_COMPILATION_CONDITIONS = DEBUG;
				SWIFT_OPTIMIZATION_LEVEL = "-Onone";
			};
			name = Debug;
		};
		371D16CA22A46B4800E1BD02 /* Release */ = {
			isa = XCBuildConfiguration;
			buildSettings = {
				ALWAYS_SEARCH_USER_PATHS = NO;
				CLANG_ANALYZER_NONNULL = YES;
				CLANG_ANALYZER_NUMBER_OBJECT_CONVERSION = YES_AGGRESSIVE;
				CLANG_CXX_LANGUAGE_STANDARD = "gnu++14";
				CLANG_CXX_LIBRARY = "libc++";
				CLANG_ENABLE_MODULES = YES;
				CLANG_ENABLE_OBJC_ARC = YES;
				CLANG_ENABLE_OBJC_WEAK = YES;
				CLANG_WARN_BLOCK_CAPTURE_AUTORELEASING = YES;
				CLANG_WARN_BOOL_CONVERSION = YES;
				CLANG_WARN_COMMA = YES;
				CLANG_WARN_CONSTANT_CONVERSION = YES;
				CLANG_WARN_DEPRECATED_OBJC_IMPLEMENTATIONS = YES;
				CLANG_WARN_DIRECT_OBJC_ISA_USAGE = YES_ERROR;
				CLANG_WARN_DOCUMENTATION_COMMENTS = YES;
				CLANG_WARN_EMPTY_BODY = YES;
				CLANG_WARN_ENUM_CONVERSION = YES;
				CLANG_WARN_INFINITE_RECURSION = YES;
				CLANG_WARN_INT_CONVERSION = YES;
				CLANG_WARN_NON_LITERAL_NULL_CONVERSION = YES;
				CLANG_WARN_OBJC_IMPLICIT_RETAIN_SELF = YES;
				CLANG_WARN_OBJC_LITERAL_CONVERSION = YES;
				CLANG_WARN_OBJC_ROOT_CLASS = YES_ERROR;
				CLANG_WARN_RANGE_LOOP_ANALYSIS = YES;
				CLANG_WARN_STRICT_PROTOTYPES = YES;
				CLANG_WARN_SUSPICIOUS_MOVE = YES;
				CLANG_WARN_UNGUARDED_AVAILABILITY = YES_AGGRESSIVE;
				CLANG_WARN_UNREACHABLE_CODE = YES;
				CLANG_WARN__DUPLICATE_METHOD_MATCH = YES;
				CODE_SIGN_IDENTITY = "iPhone Developer";
				COPY_PHASE_STRIP = NO;
				DEBUG_INFORMATION_FORMAT = "dwarf-with-dsym";
				ENABLE_NS_ASSERTIONS = NO;
				ENABLE_STRICT_OBJC_MSGSEND = YES;
				GCC_C_LANGUAGE_STANDARD = gnu11;
				GCC_NO_COMMON_BLOCKS = YES;
				GCC_WARN_64_TO_32_BIT_CONVERSION = YES;
				GCC_WARN_ABOUT_RETURN_TYPE = YES_ERROR;
				GCC_WARN_UNDECLARED_SELECTOR = YES;
				GCC_WARN_UNINITIALIZED_AUTOS = YES_AGGRESSIVE;
				GCC_WARN_UNUSED_FUNCTION = YES;
				GCC_WARN_UNUSED_VARIABLE = YES;
				IPHONEOS_DEPLOYMENT_TARGET = 12.2;
				MTL_ENABLE_DEBUG_INFO = NO;
				MTL_FAST_MATH = YES;
				SDKROOT = iphoneos;
				SWIFT_COMPILATION_MODE = wholemodule;
				SWIFT_OPTIMIZATION_LEVEL = "-O";
				VALIDATE_PRODUCT = YES;
			};
			name = Release;
		};
		371D16CC22A46B4800E1BD02 /* Debug */ = {
			isa = XCBuildConfiguration;
			buildSettings = {
				ASSETCATALOG_COMPILER_APPICON_NAME = AppIcon;
				CODE_SIGN_STYLE = Automatic;
				COMPRESS_PNG_FILES = NO;
				CURRENT_PROJECT_VERSION = 8;
				DEVELOPMENT_TEAM = D6VB3396MT;
				FRAMEWORK_SEARCH_PATHS = (
					"$(inherited)",
					"$(PROJECT_DIR)/Carthage/Build/iOS",
				);
				INFOPLIST_FILE = "$(SRCROOT)/tipsy/Info.plist";
				IPHONEOS_DEPLOYMENT_TARGET = 13.0;
				LD_RUNPATH_SEARCH_PATHS = (
					"$(inherited)",
					"@executable_path/Frameworks",
				);
				MARKETING_VERSION = 1.1.0;
				PRODUCT_BUNDLE_IDENTIFIER = "Marlon-Raskin.tipsy";
				PRODUCT_NAME = "$(TARGET_NAME)";
				SWIFT_VERSION = 5.0;
				TARGETED_DEVICE_FAMILY = 1;
			};
			name = Debug;
		};
		371D16CD22A46B4800E1BD02 /* Release */ = {
			isa = XCBuildConfiguration;
			buildSettings = {
				ASSETCATALOG_COMPILER_APPICON_NAME = AppIcon;
				CODE_SIGN_STYLE = Automatic;
				COMPRESS_PNG_FILES = NO;
				CURRENT_PROJECT_VERSION = 8;
				DEVELOPMENT_TEAM = D6VB3396MT;
				FRAMEWORK_SEARCH_PATHS = (
					"$(inherited)",
					"$(PROJECT_DIR)/Carthage/Build/iOS",
				);
				INFOPLIST_FILE = "$(SRCROOT)/tipsy/Info.plist";
				IPHONEOS_DEPLOYMENT_TARGET = 13.0;
				LD_RUNPATH_SEARCH_PATHS = (
					"$(inherited)",
					"@executable_path/Frameworks",
				);
				MARKETING_VERSION = 1.1.0;
				PRODUCT_BUNDLE_IDENTIFIER = "Marlon-Raskin.tipsy";
				PRODUCT_NAME = "$(TARGET_NAME)";
				SWIFT_VERSION = 5.0;
				TARGETED_DEVICE_FAMILY = 1;
			};
			name = Release;
		};
/* End XCBuildConfiguration section */

/* Begin XCConfigurationList section */
		371D16B422A46B4800E1BD02 /* Build configuration list for PBXProject "Tipsy" */ = {
			isa = XCConfigurationList;
			buildConfigurations = (
				371D16C922A46B4800E1BD02 /* Debug */,
				371D16CA22A46B4800E1BD02 /* Release */,
			);
			defaultConfigurationIsVisible = 0;
			defaultConfigurationName = Release;
		};
		371D16CB22A46B4800E1BD02 /* Build configuration list for PBXNativeTarget "tipsy" */ = {
			isa = XCConfigurationList;
			buildConfigurations = (
				371D16CC22A46B4800E1BD02 /* Debug */,
				371D16CD22A46B4800E1BD02 /* Release */,
			);
			defaultConfigurationIsVisible = 0;
			defaultConfigurationName = Release;
		};
/* End XCConfigurationList section */
	};
	rootObject = 371D16B122A46B4800E1BD02 /* Project object */;
}
